
Microsoft Visual Studio Solution File, Format Version 12.00
# Visual Studio Version 17
VisualStudioVersion = 17.11.35312.102
MinimumVisualStudioVersion = 10.0.40219.1
Project("{FAE04EC0-301F-11D3-BF4B-00C04F79EFBC}") = "Span.Culturio.Api", "Span.Culturio.Api\Span.Culturio.Api.csproj", "{FD13C9E4-DBE3-4D7F-89CD-255C47DD7B32}"
EndProject
Global
	GlobalSection(SolutionConfigurationPlatforms) = preSolution
		Debug|Any CPU = Debug|Any CPU
		Release|Any CPU = Release|Any CPU
	EndGlobalSection
	GlobalSection(ProjectConfigurationPlatforms) = postSolution
		{FD13C9E4-DBE3-4D7F-89CD-255C47DD7B32}.Debug|Any CPU.ActiveCfg = Debug|Any CPU
		{FD13C9E4-DBE3-4D7F-89CD-255C47DD7B32}.Debug|Any CPU.Build.0 = Debug|Any CPU
		{FD13C9E4-DBE3-4D7F-89CD-255C47DD7B32}.Release|Any CPU.ActiveCfg = Release|Any CPU
		{FD13C9E4-DBE3-4D7F-89CD-255C47DD7B32}.Release|Any CPU.Build.0 = Release|Any CPU
	EndGlobalSection
	GlobalSection(SolutionProperties) = preSolution
		HideSolutionNode = FALSE
	EndGlobalSection
	GlobalSection(ExtensibilityGlobals) = postSolution
		SolutionGuid = {0C05F577-6A5D-4A7B-8F62-DB578378B8E2}
	EndGlobalSection
EndGlobal
